
Microsoft Visual Studio Solution File, Format Version 12.00
# Visual Studio Version 17
VisualStudioVersion = 17.6.33723.286
MinimumVisualStudioVersion = 10.0.40219.1
Project("{2150E333-8FDC-42A3-9474-1A3956D46DE8}") = "src", "src", "{4CD68A70-60DA-40EA-909B-F09374945981}"
EndProject
Project("{2150E333-8FDC-42A3-9474-1A3956D46DE8}") = "test", "test", "{FA45DB65-CC21-4ED1-B3A9-AD47DC2F9EB8}"
EndProject
Project("{9A19103F-16F7-4668-BE54-9A1E7A4F7556}") = "TestxUnitTraining.Module2.xUnitNet.Tests", "test\TestxUnitTraining.Module2.xUnitNet.Tests\TestxUnitTraining.Module2.xUnitNet.Tests.csproj", "{B827524D-8202-4C39-9EFE-D277FA4FE798}"
EndProject
Project("{9A19103F-16F7-4668-BE54-9A1E7A4F7556}") = "TestxUnitTraining.Module2.xUnitNet", "src\TestxUnitTraining.Module2.xUnitNet\TestxUnitTraining.Module2.xUnitNet.csproj", "{C82E2C57-036A-4DA1-8949-206A84F4D0EB}"
EndProject
Project("{9A19103F-16F7-4668-BE54-9A1E7A4F7556}") = "TestxUnitTraining.Tests.Common", "test\TestxUnitTraining.Tests.Common\TestxUnitTraining.Tests.Common.csproj", "{04E8F034-7463-4600-9E19-DA1ED6D61C3D}"
EndProject
Project("{2150E333-8FDC-42A3-9474-1A3956D46DE8}") = "ChatApp", "ChatApp", "{43E98748-D4E6-451D-815F-443CC9E9346B}"
EndProject
Project("{9A19103F-16F7-4668-BE54-9A1E7A4F7556}") = "Chat.Client", "src\ChatApp\Chat.Client\Chat.Client.csproj", "{001CFF19-F38F-4A49-883A-2631EFE92600}"
EndProject
Project("{9A19103F-16F7-4668-BE54-9A1E7A4F7556}") = "Chat.Client.Library", "src\ChatApp\Chat.Client.Library\Chat.Client.Library.csproj", "{8DCAC4F6-44C5-4C36-8DF5-38F3C7D9AEAF}"
EndProject
Project("{9A19103F-16F7-4668-BE54-9A1E7A4F7556}") = "Chat.Common", "src\ChatApp\Chat.Common\Chat.Common.csproj", "{92D02995-C34A-453F-984E-B2D3D4B445C8}"
EndProject
Project("{9A19103F-16F7-4668-BE54-9A1E7A4F7556}") = "Chat.Server", "src\ChatApp\Chat.Server\Chat.Server.csproj", "{66B95565-4778-4FE7-BCB8-1F9AED9A5A2E}"
EndProject
Project("{9A19103F-16F7-4668-BE54-9A1E7A4F7556}") = "Chat.Server.Library", "src\ChatApp\Chat.Server.Library\Chat.Server.Library.csproj", "{7D5BAD9F-DE06-4FF6-A2CB-753B77FA5A66}"
EndProject
Project("{9A19103F-16F7-4668-BE54-9A1E7A4F7556}") = "TestxUnitTraining.Module3.Moq.Tests", "test\TestxUnitTraining.Module3.Moq.Tests\TestxUnitTraining.Module3.Moq.Tests.csproj", "{43A5FE11-84A3-48E8-8A3F-F0B283671E67}"
EndProject
Project("{9A19103F-16F7-4668-BE54-9A1E7A4F7556}") = "TestxUnitTraining.Module4.FluentAssertions.Tests", "test\TestxUnitTraining.Module4.FluentAssertions.Tests\TestxUnitTraining.Module4.FluentAssertions.Tests.csproj", "{9E93F900-523A-41AE-8740-0C6EED5DE6AF}"
EndProject
Global
	GlobalSection(SolutionConfigurationPlatforms) = preSolution
		Debug|Any CPU = Debug|Any CPU
		Release|Any CPU = Release|Any CPU
	EndGlobalSection
	GlobalSection(ProjectConfigurationPlatforms) = postSolution
		{B827524D-8202-4C39-9EFE-D277FA4FE798}.Debug|Any CPU.ActiveCfg = Debug|Any CPU
		{B827524D-8202-4C39-9EFE-D277FA4FE798}.Debug|Any CPU.Build.0 = Debug|Any CPU
		{B827524D-8202-4C39-9EFE-D277FA4FE798}.Release|Any CPU.ActiveCfg = Release|Any CPU
		{B827524D-8202-4C39-9EFE-D277FA4FE798}.Release|Any CPU.Build.0 = Release|Any CPU
		{C82E2C57-036A-4DA1-8949-206A84F4D0EB}.Debug|Any CPU.ActiveCfg = Debug|Any CPU
		{C82E2C57-036A-4DA1-8949-206A84F4D0EB}.Debug|Any CPU.Build.0 = Debug|Any CPU
		{C82E2C57-036A-4DA1-8949-206A84F4D0EB}.Release|Any CPU.ActiveCfg = Release|Any CPU
		{C82E2C57-036A-4DA1-8949-206A84F4D0EB}.Release|Any CPU.Build.0 = Release|Any CPU
		{04E8F034-7463-4600-9E19-DA1ED6D61C3D}.Debug|Any CPU.ActiveCfg = Debug|Any CPU
		{04E8F034-7463-4600-9E19-DA1ED6D61C3D}.Debug|Any CPU.Build.0 = Debug|Any CPU
		{04E8F034-7463-4600-9E19-DA1ED6D61C3D}.Release|Any CPU.ActiveCfg = Release|Any CPU
		{04E8F034-7463-4600-9E19-DA1ED6D61C3D}.Release|Any CPU.Build.0 = Release|Any CPU
		{001CFF19-F38F-4A49-883A-2631EFE92600}.Debug|Any CPU.ActiveCfg = Debug|Any CPU
		{001CFF19-F38F-4A49-883A-2631EFE92600}.Debug|Any CPU.Build.0 = Debug|Any CPU
		{001CFF19-F38F-4A49-883A-2631EFE92600}.Release|Any CPU.ActiveCfg = Release|Any CPU
		{001CFF19-F38F-4A49-883A-2631EFE92600}.Release|Any CPU.Build.0 = Release|Any CPU
		{8DCAC4F6-44C5-4C36-8DF5-38F3C7D9AEAF}.Debug|Any CPU.ActiveCfg = Debug|Any CPU
		{8DCAC4F6-44C5-4C36-8DF5-38F3C7D9AEAF}.Debug|Any CPU.Build.0 = Debug|Any CPU
		{8DCAC4F6-44C5-4C36-8DF5-38F3C7D9AEAF}.Release|Any CPU.ActiveCfg = Release|Any CPU
		{8DCAC4F6-44C5-4C36-8DF5-38F3C7D9AEAF}.Release|Any CPU.Build.0 = Release|Any CPU
		{92D02995-C34A-453F-984E-B2D3D4B445C8}.Debug|Any CPU.ActiveCfg = Debug|Any CPU
		{92D02995-C34A-453F-984E-B2D3D4B445C8}.Debug|Any CPU.Build.0 = Debug|Any CPU
		{92D02995-C34A-453F-984E-B2D3D4B445C8}.Release|Any CPU.ActiveCfg = Release|Any CPU
		{92D02995-C34A-453F-984E-B2D3D4B445C8}.Release|Any CPU.Build.0 = Release|Any CPU
		{66B95565-4778-4FE7-BCB8-1F9AED9A5A2E}.Debug|Any CPU.ActiveCfg = Debug|Any CPU
		{66B95565-4778-4FE7-BCB8-1F9AED9A5A2E}.Debug|Any CPU.Build.0 = Debug|Any CPU
		{66B95565-4778-4FE7-BCB8-1F9AED9A5A2E}.Release|Any CPU.ActiveCfg = Release|Any CPU
		{66B95565-4778-4FE7-BCB8-1F9AED9A5A2E}.Release|Any CPU.Build.0 = Release|Any CPU
		{7D5BAD9F-DE06-4FF6-A2CB-753B77FA5A66}.Debug|Any CPU.ActiveCfg = Debug|Any CPU
		{7D5BAD9F-DE06-4FF6-A2CB-753B77FA5A66}.Debug|Any CPU.Build.0 = Debug|Any CPU
		{7D5BAD9F-DE06-4FF6-A2CB-753B77FA5A66}.Release|Any CPU.ActiveCfg = Release|Any CPU
		{7D5BAD9F-DE06-4FF6-A2CB-753B77FA5A66}.Release|Any CPU.Build.0 = Release|Any CPU
		{43A5FE11-84A3-48E8-8A3F-F0B283671E67}.Debug|Any CPU.ActiveCfg = Debug|Any CPU
		{43A5FE11-84A3-48E8-8A3F-F0B283671E67}.Debug|Any CPU.Build.0 = Debug|Any CPU
		{43A5FE11-84A3-48E8-8A3F-F0B283671E67}.Release|Any CPU.ActiveCfg = Release|Any CPU
		{43A5FE11-84A3-48E8-8A3F-F0B283671E67}.Release|Any CPU.Build.0 = Release|Any CPU
		{9E93F900-523A-41AE-8740-0C6EED5DE6AF}.Debug|Any CPU.ActiveCfg = Debug|Any CPU
		{9E93F900-523A-41AE-8740-0C6EED5DE6AF}.Debug|Any CPU.Build.0 = Debug|Any CPU
		{9E93F900-523A-41AE-8740-0C6EED5DE6AF}.Release|Any CPU.ActiveCfg = Release|Any CPU
		{9E93F900-523A-41AE-8740-0C6EED5DE6AF}.Release|Any CPU.Build.0 = Release|Any CPU
	EndGlobalSection
	GlobalSection(SolutionProperties) = preSolution
		HideSolutionNode = FALSE
	EndGlobalSection
	GlobalSection(NestedProjects) = preSolution
		{B827524D-8202-4C39-9EFE-D277FA4FE798} = {FA45DB65-CC21-4ED1-B3A9-AD47DC2F9EB8}
		{C82E2C57-036A-4DA1-8949-206A84F4D0EB} = {4CD68A70-60DA-40EA-909B-F09374945981}
		{04E8F034-7463-4600-9E19-DA1ED6D61C3D} = {FA45DB65-CC21-4ED1-B3A9-AD47DC2F9EB8}
		{43E98748-D4E6-451D-815F-443CC9E9346B} = {4CD68A70-60DA-40EA-909B-F09374945981}
		{001CFF19-F38F-4A49-883A-2631EFE92600} = {43E98748-D4E6-451D-815F-443CC9E9346B}
		{8DCAC4F6-44C5-4C36-8DF5-38F3C7D9AEAF} = {43E98748-D4E6-451D-815F-443CC9E9346B}
		{92D02995-C34A-453F-984E-B2D3D4B445C8} = {43E98748-D4E6-451D-815F-443CC9E9346B}
		{66B95565-4778-4FE7-BCB8-1F9AED9A5A2E} = {43E98748-D4E6-451D-815F-443CC9E9346B}
		{7D5BAD9F-DE06-4FF6-A2CB-753B77FA5A66} = {43E98748-D4E6-451D-815F-443CC9E9346B}
		{43A5FE11-84A3-48E8-8A3F-F0B283671E67} = {FA45DB65-CC21-4ED1-B3A9-AD47DC2F9EB8}
		{9E93F900-523A-41AE-8740-0C6EED5DE6AF} = {FA45DB65-CC21-4ED1-B3A9-AD47DC2F9EB8}
	EndGlobalSection
	GlobalSection(ExtensibilityGlobals) = postSolution
		SolutionGuid = {CEC9A356-F4AA-4903-8AE1-B0B0B29F1C0C}
	EndGlobalSection
EndGlobal
